
Microsoft Visual Studio Solution File, Format Version 12.00
# Visual Studio Version 17
VisualStudioVersion = 17.14.37203.1 d17.14
MinimumVisualStudioVersion = 10.0.40219.1
Project("{FAE04EC0-301F-11D3-BF4B-00C04F79EFBC}") = "TimePilot.WinForms", "TimePilot.WinForms\TimePilot.WinForms.csproj", "{35BCA826-9046-46E3-BA8D-B8F47EE7EB29}"
EndProject
Global
	GlobalSection(SolutionConfigurationPlatforms) = preSolution
		Debug|Any CPU = Debug|Any CPU
		Release|Any CPU = Release|Any CPU
	EndGlobalSection
	GlobalSection(ProjectConfigurationPlatforms) = postSolution
		{35BCA826-9046-46E3-BA8D-B8F47EE7EB29}.Debug|Any CPU.ActiveCfg = Debug|Any CPU
		{35BCA826-9046-46E3-BA8D-B8F47EE7EB29}.Debug|Any CPU.Build.0 = Debug|Any CPU
		{35BCA826-9046-46E3-BA8D-B8F47EE7EB29}.Release|Any CPU.ActiveCfg = Release|Any CPU
		{35BCA826-9046-46E3-BA8D-B8F47EE7EB29}.Release|Any CPU.Build.0 = Release|Any CPU
	EndGlobalSection
	GlobalSection(SolutionProperties) = preSolution
		HideSolutionNode = FALSE
	EndGlobalSection
	GlobalSection(ExtensibilityGlobals) = postSolution
		SolutionGuid = {11F14E33-1EE8-4C64-A3C9-65461A6E0244}
	EndGlobalSection
EndGlobal
